
Microsoft Visual Studio Solution File, Format Version 12.00
# Visual Studio Version 16
VisualStudioVersion = 16.0.31911.196
MinimumVisualStudioVersion = 10.0.40219.1
Project("{FAE04EC0-301F-11D3-BF4B-00C04F79EFBC}") = "HelpLone-H2", "HelpLone-H2\HelpLone-H2.csproj", "{9F768C34-3930-4346-A520-53340F0E162B}"
EndProject
Global
	GlobalSection(SolutionConfigurationPlatforms) = preSolution
		Debug|Any CPU = Debug|Any CPU
		Release|Any CPU = Release|Any CPU
	EndGlobalSection
	GlobalSection(ProjectConfigurationPlatforms) = postSolution
		{9F768C34-3930-4346-A520-53340F0E162B}.Debug|Any CPU.ActiveCfg = Debug|Any CPU
		{9F768C34-3930-4346-A520-53340F0E162B}.Debug|Any CPU.Build.0 = Debug|Any CPU
		{9F768C34-3930-4346-A520-53340F0E162B}.Release|Any CPU.ActiveCfg = Release|Any CPU
		{9F768C34-3930-4346-A520-53340F0E162B}.Release|Any CPU.Build.0 = Release|Any CPU
	EndGlobalSection
	GlobalSection(SolutionProperties) = preSolution
		HideSolutionNode = FALSE
	EndGlobalSection
	GlobalSection(ExtensibilityGlobals) = postSolution
		SolutionGuid = {2580AE55-BD10-430E-B2B9-CFC92E7EA138}
	EndGlobalSection
EndGlobal
